<Solution>
  <Folder Name="/example/">
    <Project Path="example/AppHost/AppHost.csproj" />
    <Project Path="example/ServiceDefaults/ServiceDefaults.csproj" />
    <Project Path="example/WorkerService/WorkerService.csproj" />
  </Folder>
  <Folder Name="/src/">
    <Project Path="src/TraceableLdapClient/TraceableLdapClient.csproj" />
  </Folder>
</Solution>
