{
  "version": 2,
  "dependencies": {
    "net9.0": {
      "Microsoft.NET.ILLink.Tasks": {
        "type": "Direct",
        "requested": "[9.0.13, )",
        "resolved": "9.0.13",
        "contentHash": "f7t15I9ZXV7fNk3FIzPAlkJNG1A1tkSeDpRh+TFWEToGGqA+uj6uqU15I8YOkkYICNY2tqOVm2CMe6ScPFPwEg=="
      },
      "System.DirectoryServices.Protocols": {
        "type": "Direct",
        "requested": "[10.0.3, )",
        "resolved": "10.0.3",
        "contentHash": "LsmWlhBLelsI0+oHjgZd+WeeX/60TazKv/7xE+z88zONMerx2JWklfmpmOO6VHr1sys5bIJWHtjxhjRruVa4jg=="
      }
    }
  }
}