{
  "version": 2,
  "dependencies": {
    "net9.0": {
      "Microsoft.Extensions.Http.Resilience": {
        "type": "Direct",
        "requested": "[10.8.0, )",
        "resolved": "10.8.0",
        "contentHash": "XtbZyYVxSNn1Aj2Z0PA8yauS12hPszTWDZ3GtZ5Vww7Ai3d8Pm841jMBnTvoTf1t9mRf3eSB38V5KUWxH6/4oQ==",
        "dependencies": {
          "Microsoft.Extensions.Http.Diagnostics": "10.8.0",
          "Microsoft.Extensions.ObjectPool": "9.0.18",
          "Microsoft.Extensions.Resilience": "10.8.0"
        }
      },
      "Microsoft.Extensions.ServiceDiscovery": {
        "type": "Direct",
        "requested": "[10.8.0, )",
        "resolved": "10.8.0",
        "contentHash": "OflwReySDxjF/zVe2mo0ZqmZjVVPCJ68CoT91CG+j+gjeK4nByslvr8LFd7DcOs2VKHZZsKxfIejcysjEMG3Ng==",
        "dependencies": {
          "Microsoft.Extensions.Http": "9.0.18",
          "Microsoft.Extensions.ServiceDiscovery.Abstractions": "10.8.0"
        }
      },
      "OpenTelemetry.Exporter.OpenTelemetryProtocol": {
        "type": "Direct",
        "requested": "[1.17.0, )",
        "resolved": "1.17.0",
        "contentHash": "R1omQOrQpGlS0Cp5UIr/TAiuEA48JrPlgr1NPV5gESiTU7HhWU+ILe2EBSYb1fKdsSavZ7nZkHcUxAzofPqr2A==",
        "dependencies": {
          "OpenTelemetry": "1.17.0"
        }
      },
      "OpenTelemetry.Extensions.Hosting": {
        "type": "Direct",
        "requested": "[1.17.0, )",
        "resolved": "1.17.0",
        "contentHash": "t1OwL/4qgboGMobYVT+UV5zgWnFqCp4Pw8lcsmzh8m2K8PQsTKkyxrC32tqYTMYny3GOW4q5cltE3dTVzLmRew==",
        "dependencies": {
          "Microsoft.Extensions.Hosting.Abstractions": "9.0.0",
          "OpenTelemetry": "1.17.0"
        }
      },
      "OpenTelemetry.Instrumentation.AspNetCore": {
        "type": "Direct",
        "requested": "[1.17.0, )",
        "resolved": "1.17.0",
        "contentHash": "rGbmk1vuy1kvgZmE0ps7Vb99YZvDap6AalrrF60FwnNit1uW/PbeFZj1cpb0T8MPkYmjhBrRJ1/JB6QqXkRjHA==",
        "dependencies": {
          "OpenTelemetry.Api.ProviderBuilderExtensions": "[1.17.0, 2.0.0)"
        }
      },
      "OpenTelemetry.Instrumentation.Http": {
        "type": "Direct",
        "requested": "[1.17.0, )",
        "resolved": "1.17.0",
        "contentHash": "uTwVtxIJ/xB96wGYTaDsbkJVeCFdUxTwvrlDUn2YJixy0UuKc8DvQMzwKNJMTzNFiiyYO9c40id6tUHTmWs33A==",
        "dependencies": {
          "Microsoft.Extensions.Configuration": "8.0.0",
          "Microsoft.Extensions.Options": "8.0.0",
          "OpenTelemetry.Api.ProviderBuilderExtensions": "[1.17.0, 2.0.0)"
        }
      },
      "OpenTelemetry.Instrumentation.Runtime": {
        "type": "Direct",
        "requested": "[1.17.0, )",
        "resolved": "1.17.0",
        "contentHash": "HyYenisDn/xdtyVXdjImsCl+RNC2gq01N0rvSR7tsYAylXR2sxX/YgMsyTajMXA27+r1vB7lNU8cWRhV0fwL+Q==",
        "dependencies": {
          "OpenTelemetry.Api": "[1.17.0, 2.0.0)"
        }
      },
      "Microsoft.Extensions.AmbientMetadata.Application": {
        "type": "Transitive",
        "resolved": "10.8.0",
        "contentHash": "/FYCIyhRLrDwIg29tB/21/Rp7XMaEP/gWR5Cxyi4GgWcN/v/XXUpU52yhQux0s2SQy1Z0C1wnhptCMvLaaT45Q==",
        "dependencies": {
          "Microsoft.Extensions.Configuration": "9.0.18",
          "Microsoft.Extensions.Hosting.Abstractions": "9.0.18",
          "Microsoft.Extensions.Options.ConfigurationExtensions": "9.0.18"
        }
      },
      "Microsoft.Extensions.Compliance.Abstractions": {
        "type": "Transitive",
        "resolved": "10.8.0",
        "contentHash": "7I0DXMTCqpXpXg+SLLDlfedtv6DN5Lgiv+PR3MclzqKPOHNB17YP42KMNI61ckSrffh0xsuIqQyCIjvWc6vUuw==",
        "dependencies": {
          "Microsoft.Extensions.DependencyInjection.Abstractions": "9.0.18",
          "Microsoft.Extensions.ObjectPool": "9.0.18"
        }
      },
      "Microsoft.Extensions.Configuration": {
        "type": "Transitive",
        "resolved": "9.0.18",
        "contentHash": "IDxqTTYgFM0adTv9b+cRyQJD25+xBUbCDXxmqxfBAv/DFQch3MBVQ9bnHijRNKpEnSMAciA9uc+X1ArQ5zZDVw==",
        "dependencies": {
          "Microsoft.Extensions.Configuration.Abstractions": "9.0.18",
          "Microsoft.Extensions.Primitives": "9.0.18"
        }
      },
      "Microsoft.Extensions.Configuration.Abstractions": {
        "type": "Transitive",
        "resolved": "9.0.18",
        "contentHash": "jgC5SZeK94t8DXl836ifIM5gScNqknkOwISrY503eWg7AHBrv+fnwty+C9n35H4WvBjs8OY21jPlRRf7ESBK/g==",
        "dependencies": {
          "Microsoft.Extensions.Primitives": "9.0.18"
        }
      },
      "Microsoft.Extensions.Configuration.Binder": {
        "type": "Transitive",
        "resolved": "9.0.18",
        "contentHash": "80DWbnb2hlBub4yaMOdq28gaVvexvREBp+73hg/cZ6Mz6xjT7FoHwLeegv9yrRBQChAlhqkuKjt2xnkdGtJgoA==",
        "dependencies": {
          "Microsoft.Extensions.Configuration.Abstractions": "9.0.18"
        }
      },
      "Microsoft.Extensions.Configuration.EnvironmentVariables": {
        "type": "Transitive",
        "resolved": "9.0.0",
        "contentHash": "v5R638eNMxksfXb7MFnkPwLPp+Ym4W/SIGNuoe8qFVVyvygQD5DdLusybmYSJEr9zc1UzWzim/ATKeIOVvOFDg==",
        "dependencies": {
          "Microsoft.Extensions.Configuration": "9.0.0",
          "Microsoft.Extensions.Configuration.Abstractions": "9.0.0"
        }
      },
      "Microsoft.Extensions.DependencyInjection": {
        "type": "Transitive",
        "resolved": "9.0.18",
        "contentHash": "xPoYhpBypsweLpZ29GPp6Kv6g1fZMUwJ800D/xO7ASuNn5zx0BNIP600wXXhbPNeO8kKngFRtoWplRffxBUDgw==",
        "dependencies": {
          "Microsoft.Extensions.DependencyInjection.Abstractions": "9.0.18"
        }
      },
      "Microsoft.Extensions.DependencyInjection.Abstractions": {
        "type": "Transitive",
        "resolved": "9.0.18",
        "contentHash": "eSUdaLUP+pj1J7SpCsUYQP6dNk0w9g0KGu4ovPYBnlfqomW1u+1fF8ZIjMVuHY6Z3p30yL0SxND9JTS6i3NolQ=="
      },
      "Microsoft.Extensions.DependencyInjection.AutoActivation": {
        "type": "Transitive",
        "resolved": "10.8.0",
        "contentHash": "LXwOAsnrflu2ln+Bxj7y3Zc/Pn4HquCCRzW81oOIuRsM8F75TxwA/ZpSFZ5E1+YkVpndz7BcHY4ThFSjjA4vbQ==",
        "dependencies": {
          "Microsoft.Extensions.Hosting.Abstractions": "9.0.18"
        }
      },
      "Microsoft.Extensions.Diagnostics": {
        "type": "Transitive",
        "resolved": "9.0.18",
        "contentHash": "9tpK2Dcvambwq5RIdnz5p4gfNafpB1IMgMoIkkqIp5Wn9bHfArZqejoRZPL5Jp2ZKaT2oVBzFnW1dCh2vVu8/w==",
        "dependencies": {
          "Microsoft.Extensions.Configuration": "9.0.18",
          "Microsoft.Extensions.Diagnostics.Abstractions": "9.0.18",
          "Microsoft.Extensions.Options.ConfigurationExtensions": "9.0.18"
        }
      },
      "Microsoft.Extensions.Diagnostics.Abstractions": {
        "type": "Transitive",
        "resolved": "9.0.18",
        "contentHash": "fH5q81JvdxDbkhUBXhqz/f/cUENo8fakXes7BvA52CVLw4XkqUkjgJAcXHzVu3F2Le/FgQ1cPl53uY4AHBJkYg==",
        "dependencies": {
          "Microsoft.Extensions.DependencyInjection.Abstractions": "9.0.18",
          "Microsoft.Extensions.Options": "9.0.18"
        }
      },
      "Microsoft.Extensions.Diagnostics.ExceptionSummarization": {
        "type": "Transitive",
        "resolved": "10.8.0",
        "contentHash": "tXmzwQeWgiycaLOtvSFnz0TPkJxXTyZrkwSVPTr83FgSiMj3BD/8eIbvrpGi5rzc2AgfKyegKo1ntJlJFey1Zg==",
        "dependencies": {
          "Microsoft.Extensions.DependencyInjection.Abstractions": "9.0.18"
        }
      },
      "Microsoft.Extensions.Features": {
        "type": "Transitive",
        "resolved": "9.0.18",
        "contentHash": "vh7VrK58cDOxho5+i4L2GDab+ldZ4d3i02ShfqI8dsUIrBNnE4ehFIwBG3cc2szAaVD2pDBPq8z22hi8NUEy4g=="
      },
      "Microsoft.Extensions.FileProviders.Abstractions": {
        "type": "Transitive",
        "resolved": "9.0.18",
        "contentHash": "YqkFlTwnVSMuunsf8IT9b+KySfm6vnMBBM+CKYCfXfjRMQ62uFggVOEu4C2cgR4fXpEO1rZ6utUZC1KoYKgiSg==",
        "dependencies": {
          "Microsoft.Extensions.Primitives": "9.0.18"
        }
      },
      "Microsoft.Extensions.Hosting.Abstractions": {
        "type": "Transitive",
        "resolved": "9.0.18",
        "contentHash": "K6qZu9yolnH8cgpVl7bCEm/ITLb+Ak3b4QqEIKcPR3Fx75GUd6I09cTOjCHYLLL4frWM1VDigZLbvC/LPrpscA==",
        "dependencies": {
          "Microsoft.Extensions.Configuration.Abstractions": "9.0.18",
          "Microsoft.Extensions.DependencyInjection.Abstractions": "9.0.18",
          "Microsoft.Extensions.Diagnostics.Abstractions": "9.0.18",
          "Microsoft.Extensions.FileProviders.Abstractions": "9.0.18",
          "Microsoft.Extensions.Logging.Abstractions": "9.0.18"
        }
      },
      "Microsoft.Extensions.Http": {
        "type": "Transitive",
        "resolved": "9.0.18",
        "contentHash": "oBzf8sLwekd1+/vQPv7N6X6PxnQoIrqHM4hCjQKBuqEzRY/7vHQ6BDxOIaJYxQlNWIlxgeLPeybzv0Hxv7kkRQ==",
        "dependencies": {
          "Microsoft.Extensions.Configuration.Abstractions": "9.0.18",
          "Microsoft.Extensions.DependencyInjection.Abstractions": "9.0.18",
          "Microsoft.Extensions.Diagnostics": "9.0.18",
          "Microsoft.Extensions.Logging": "9.0.18",
          "Microsoft.Extensions.Logging.Abstractions": "9.0.18",
          "Microsoft.Extensions.Options": "9.0.18"
        }
      },
      "Microsoft.Extensions.Http.Diagnostics": {
        "type": "Transitive",
        "resolved": "10.8.0",
        "contentHash": "2pYnolFkigH7N6A5WHdGx93iZ8dIhrBnu4ZkjvB6RwbHzYmIy/iXVe12pdrViNDdeBSmKZ5FA9YP/xhwLT7q7A==",
        "dependencies": {
          "Microsoft.Extensions.Http": "9.0.18",
          "Microsoft.Extensions.Telemetry": "10.8.0"
        }
      },
      "Microsoft.Extensions.Logging": {
        "type": "Transitive",
        "resolved": "9.0.18",
        "contentHash": "LuOCZhcJ4TeCLE99TRqI1FHReB29G7bAPInrAAG3E85/S+E4mcrmaoeoXLnOUi6DEosx87pauyFNICdiFIFqkA==",
        "dependencies": {
          "Microsoft.Extensions.DependencyInjection": "9.0.18",
          "Microsoft.Extensions.Logging.Abstractions": "9.0.18",
          "Microsoft.Extensions.Options": "9.0.18"
        }
      },
      "Microsoft.Extensions.Logging.Abstractions": {
        "type": "Transitive",
        "resolved": "9.0.18",
        "contentHash": "uzNHNdNZJTHACwFkWclx8s5GXLjGacJj4QwBQZ/6BeixTJjlHmNESIK738iPFLPkO8jWsENLUcUW/kAPe0b8ew==",
        "dependencies": {
          "Microsoft.Extensions.DependencyInjection.Abstractions": "9.0.18"
        }
      },
      "Microsoft.Extensions.Logging.Configuration": {
        "type": "Transitive",
        "resolved": "9.0.18",
        "contentHash": "2LYT76f66V6406PzNx8cE+1PCUd6LwT7+Qr70jE/3zwtctJVKaHQgCIs0nm9SZY3Y/8rmh1ks4F3Qn2NlP0wjw==",
        "dependencies": {
          "Microsoft.Extensions.Configuration": "9.0.18",
          "Microsoft.Extensions.Configuration.Abstractions": "9.0.18",
          "Microsoft.Extensions.Configuration.Binder": "9.0.18",
          "Microsoft.Extensions.DependencyInjection.Abstractions": "9.0.18",
          "Microsoft.Extensions.Logging": "9.0.18",
          "Microsoft.Extensions.Logging.Abstractions": "9.0.18",
          "Microsoft.Extensions.Options": "9.0.18",
          "Microsoft.Extensions.Options.ConfigurationExtensions": "9.0.18"
        }
      },
      "Microsoft.Extensions.ObjectPool": {
        "type": "Transitive",
        "resolved": "9.0.18",
        "contentHash": "Y3ZhgFcSlnPZE07PgSlA5P28RiXWZnc0WfJC6EMS6IFYxhWL6lmDAGidGeqkzYI/plD0a9M4a991YWUIjIopTA=="
      },
      "Microsoft.Extensions.Options": {
        "type": "Transitive",
        "resolved": "9.0.18",
        "contentHash": "HiA/R0jGR10TGuR6coM8KMUdJ5YlP3bhGxqEdGLkxFdBV1EFNdZMAajSEZHwkex4X/iMQwRCQVotqpElcxOImg==",
        "dependencies": {
          "Microsoft.Extensions.DependencyInjection.Abstractions": "9.0.18",
          "Microsoft.Extensions.Primitives": "9.0.18"
        }
      },
      "Microsoft.Extensions.Options.ConfigurationExtensions": {
        "type": "Transitive",
        "resolved": "9.0.18",
        "contentHash": "B07i277HI5CHhpc2WeY3Bv4EdCDE33/u1LcB0whz28Xq8NTlFEvSTW9+/Zq/37CHMMXejp+LxVyM5AC91q5X0g==",
        "dependencies": {
          "Microsoft.Extensions.Configuration.Abstractions": "9.0.18",
          "Microsoft.Extensions.Configuration.Binder": "9.0.18",
          "Microsoft.Extensions.DependencyInjection.Abstractions": "9.0.18",
          "Microsoft.Extensions.Options": "9.0.18",
          "Microsoft.Extensions.Primitives": "9.0.18"
        }
      },
      "Microsoft.Extensions.Primitives": {
        "type": "Transitive",
        "resolved": "9.0.18",
        "contentHash": "hfHudMC5zDlwMrC0HiHOJesSHMvM+CdqjomjcV/YVzFq5dfSpBRvyRLm1n1Bfh41ZpQnyJzqX+YEo95BAmcDAQ=="
      },
      "Microsoft.Extensions.Resilience": {
        "type": "Transitive",
        "resolved": "10.8.0",
        "contentHash": "RH/gv0ZcCnQ3d30lxb8+T2o661TwZq/K5eMwp488goQLX1QYqWN3i8L8XlN9DhrqP2Zcf0EtsWaKpJO3yHDUTw==",
        "dependencies": {
          "Microsoft.Extensions.Diagnostics": "9.0.18",
          "Microsoft.Extensions.Diagnostics.ExceptionSummarization": "10.8.0",
          "Microsoft.Extensions.Options.ConfigurationExtensions": "9.0.18",
          "Microsoft.Extensions.Telemetry.Abstractions": "10.8.0",
          "Polly.Extensions": "8.4.2",
          "Polly.RateLimiting": "8.4.2"
        }
      },
      "Microsoft.Extensions.ServiceDiscovery.Abstractions": {
        "type": "Transitive",
        "resolved": "10.8.0",
        "contentHash": "FR1eyZTR6W6Ura43aQ+Kpcogb7aS4EAsMh8sMfOyZHx0PUBzmooIni/GvJBpXjgBUboWCgoDrdbLwCmN7DxHCA==",
        "dependencies": {
          "Microsoft.Extensions.Configuration.Abstractions": "9.0.18",
          "Microsoft.Extensions.Configuration.Binder": "9.0.18",
          "Microsoft.Extensions.DependencyInjection.Abstractions": "9.0.18",
          "Microsoft.Extensions.Features": "9.0.18",
          "Microsoft.Extensions.Logging.Abstractions": "9.0.18",
          "Microsoft.Extensions.Options": "9.0.18",
          "Microsoft.Extensions.Primitives": "9.0.18"
        }
      },
      "Microsoft.Extensions.Telemetry": {
        "type": "Transitive",
        "resolved": "10.8.0",
        "contentHash": "IIWjDZguUJt6yNld9J4V88xuOUzpC76wBwfnRJLRmacmyTTl9jA8+KP5PuHPi7CKz/Vk/q+lQYmobiopuzapzA==",
        "dependencies": {
          "Microsoft.Extensions.AmbientMetadata.Application": "10.8.0",
          "Microsoft.Extensions.DependencyInjection.AutoActivation": "10.8.0",
          "Microsoft.Extensions.Logging.Configuration": "9.0.18",
          "Microsoft.Extensions.ObjectPool": "9.0.18",
          "Microsoft.Extensions.Telemetry.Abstractions": "10.8.0"
        }
      },
      "Microsoft.Extensions.Telemetry.Abstractions": {
        "type": "Transitive",
        "resolved": "10.8.0",
        "contentHash": "XHlOerNKjVrPJqbuFi196tyFhS7eNMoPUC800xJmCGsSiruE/goGoKyBKzS1HeelAGnoFPFrS+LgNitXNeEYRQ==",
        "dependencies": {
          "Microsoft.Extensions.Compliance.Abstractions": "10.8.0",
          "Microsoft.Extensions.Logging.Abstractions": "9.0.18",
          "Microsoft.Extensions.ObjectPool": "9.0.18",
          "Microsoft.Extensions.Options": "9.0.18"
        }
      },
      "OpenTelemetry": {
        "type": "Transitive",
        "resolved": "1.17.0",
        "contentHash": "rMLOTftlMlTm7+MSrvXDHnJRjVkROFNKXHZrYjOsX+LankaFG7QSflx7qRRGjoqZoirohnxmJQ7GEb9occO4Gg==",
        "dependencies": {
          "Microsoft.Extensions.Configuration.EnvironmentVariables": "9.0.0",
          "Microsoft.Extensions.Diagnostics.Abstractions": "9.0.0",
          "Microsoft.Extensions.Logging.Configuration": "9.0.0",
          "OpenTelemetry.Api.ProviderBuilderExtensions": "1.17.0"
        }
      },
      "OpenTelemetry.Api": {
        "type": "Transitive",
        "resolved": "1.17.0",
        "contentHash": "mSBxzomZgHIJu9CyVNqyDu/n2JHEtqVgfcCD1Br0cV5iLYogjZOMqhlVLt99PEp+0KGBNUR3GXgeOdN2GR3F9g==",
        "dependencies": {
          "System.Diagnostics.DiagnosticSource": "10.0.0"
        }
      },
      "OpenTelemetry.Api.ProviderBuilderExtensions": {
        "type": "Transitive",
        "resolved": "1.17.0",
        "contentHash": "Xgc3Qf9B9TFMFpx6exTdGqMWuYIT2miNzkdMPutVvT9YuMFaEovXWke1Gb6z8NxYaQbbGF38vYLuSg1JCeui5Q==",
        "dependencies": {
          "Microsoft.Extensions.DependencyInjection.Abstractions": "9.0.0",
          "OpenTelemetry.Api": "1.17.0"
        }
      },
      "Polly.Core": {
        "type": "Transitive",
        "resolved": "8.4.2",
        "contentHash": "BpE2I6HBYYA5tF0Vn4eoQOGYTYIK1BlF5EXVgkWGn3mqUUjbXAr13J6fZVbp7Q3epRR8yshacBMlsHMhpOiV3g=="
      },
      "Polly.Extensions": {
        "type": "Transitive",
        "resolved": "8.4.2",
        "contentHash": "GZ9vRVmR0jV2JtZavt+pGUsQ1O1cuRKG7R7VOZI6ZDy9y6RNPvRvXK1tuS4ffUrv8L0FTea59oEuQzgS0R7zSA==",
        "dependencies": {
          "Microsoft.Extensions.Logging.Abstractions": "8.0.0",
          "Microsoft.Extensions.Options": "8.0.0",
          "Polly.Core": "8.4.2"
        }
      },
      "Polly.RateLimiting": {
        "type": "Transitive",
        "resolved": "8.4.2",
        "contentHash": "ehTImQ/eUyO07VYW2WvwSmU9rRH200SKJ/3jku9rOkyWE0A2JxNFmAVms8dSn49QLSjmjFRRSgfNyOgr/2PSmA==",
        "dependencies": {
          "Polly.Core": "8.4.2",
          "System.Threading.RateLimiting": "8.0.0"
        }
      },
      "System.Diagnostics.DiagnosticSource": {
        "type": "Transitive",
        "resolved": "10.0.0",
        "contentHash": "0KdBK+h7G13PuOSC2R/DalAoFMvdYMznvGRuICtkdcUMXgl/gYXsG6z4yUvTxHSMACorWgHCU1Faq0KUHU6yAQ=="
      },
      "System.Threading.RateLimiting": {
        "type": "Transitive",
        "resolved": "8.0.0",
        "contentHash": "7mu9v0QDv66ar3DpGSZHg9NuNcxDaaAcnMULuZlaTpP9+hwXhrxNGsF5GmLkSHxFdb5bBc1TzeujsRgTrPWi+Q=="
      }
    }
  }
}